
Microsoft Visual Studio Solution File, Format Version 10.00
# Visual Studio 2008
Project("{8BC9CEB8-8B4A-11D0-8D11-00A0C91BC942}") = "Test_ODBC_2", "Test_ODBC_2\Test_ODBC_2.vcproj", "{96E4F062-29C2-424C-BD4C-35B63AABB0F6}"
EndProject
Global
	GlobalSection(SolutionConfigurationPlatforms) = preSolution
		Debug|Win32 = Debug|Win32
		Release|Win32 = Release|Win32
	EndGlobalSection
	GlobalSection(ProjectConfigurationPlatforms) = postSolution
		{96E4F062-29C2-424C-BD4C-35B63AABB0F6}.Debug|Win32.ActiveCfg = Debug|Win32
		{96E4F062-29C2-424C-BD4C-35B63AABB0F6}.Debug|Win32.Build.0 = Debug|Win32
		{96E4F062-29C2-424C-BD4C-35B63AABB0F6}.Release|Win32.ActiveCfg = Release|Win32
		{96E4F062-29C2-424C-BD4C-35B63AABB0F6}.Release|Win32.Build.0 = Release|Win32
	EndGlobalSection
	GlobalSection(SolutionProperties) = preSolution
		HideSolutionNode = FALSE
	EndGlobalSection
EndGlobal
