
Microsoft Visual Studio Solution File, Format Version 10.00
# Visual Studio 2008
Project("{8BC9CEB8-8B4A-11D0-8D11-00A0C91BC942}") = "Test_ODBC_Client", "Test_ODBC_Client\Test_ODBC_Client.vcproj", "{353BC1C5-8B3D-4240-8580-B56CA19F5BF2}"
EndProject
Global
	GlobalSection(SolutionConfigurationPlatforms) = preSolution
		Debug|Win32 = Debug|Win32
		Release|Win32 = Release|Win32
	EndGlobalSection
	GlobalSection(ProjectConfigurationPlatforms) = postSolution
		{353BC1C5-8B3D-4240-8580-B56CA19F5BF2}.Debug|Win32.ActiveCfg = Debug|Win32
		{353BC1C5-8B3D-4240-8580-B56CA19F5BF2}.Debug|Win32.Build.0 = Debug|Win32
		{353BC1C5-8B3D-4240-8580-B56CA19F5BF2}.Release|Win32.ActiveCfg = Release|Win32
		{353BC1C5-8B3D-4240-8580-B56CA19F5BF2}.Release|Win32.Build.0 = Release|Win32
	EndGlobalSection
	GlobalSection(SolutionProperties) = preSolution
		HideSolutionNode = FALSE
	EndGlobalSection
EndGlobal
